
Microsoft Visual Studio Solution File, Format Version 12.00
# Visual Studio Version 16
VisualStudioVersion = 16.0.29403.142
MinimumVisualStudioVersion = 10.0.40219.1
Project("{9A19103F-16F7-4668-BE54-9A1E7A4F7556}") = "Lab-02-Unit-Testing", "Lab-02-Unit-Testing\Lab-02-Unit-Testing.csproj", "{5AA143A4-7DF4-42B8-A778-21DCF8145C47}"
EndProject
Project("{FAE04EC0-301F-11D3-BF4B-00C04F79EFBC}") = "XUnitTestLab02UnitTesting", "XUnitTestLab02UnitTesting\XUnitTestLab02UnitTesting.csproj", "{466490AC-C720-47CC-8098-E157C21E575F}"
EndProject
Global
	GlobalSection(SolutionConfigurationPlatforms) = preSolution
		Debug|Any CPU = Debug|Any CPU
		Release|Any CPU = Release|Any CPU
	EndGlobalSection
	GlobalSection(ProjectConfigurationPlatforms) = postSolution
		{5AA143A4-7DF4-42B8-A778-21DCF8145C47}.Debug|Any CPU.ActiveCfg = Debug|Any CPU
		{5AA143A4-7DF4-42B8-A778-21DCF8145C47}.Debug|Any CPU.Build.0 = Debug|Any CPU
		{5AA143A4-7DF4-42B8-A778-21DCF8145C47}.Release|Any CPU.ActiveCfg = Release|Any CPU
		{5AA143A4-7DF4-42B8-A778-21DCF8145C47}.Release|Any CPU.Build.0 = Release|Any CPU
		{466490AC-C720-47CC-8098-E157C21E575F}.Debug|Any CPU.ActiveCfg = Debug|Any CPU
		{466490AC-C720-47CC-8098-E157C21E575F}.Debug|Any CPU.Build.0 = Debug|Any CPU
		{466490AC-C720-47CC-8098-E157C21E575F}.Release|Any CPU.ActiveCfg = Release|Any CPU
		{466490AC-C720-47CC-8098-E157C21E575F}.Release|Any CPU.Build.0 = Release|Any CPU
	EndGlobalSection
	GlobalSection(SolutionProperties) = preSolution
		HideSolutionNode = FALSE
	EndGlobalSection
	GlobalSection(ExtensibilityGlobals) = postSolution
		SolutionGuid = {5B622330-875D-4448-B014-EF54CEE6CFC3}
	EndGlobalSection
EndGlobal
